
Microsoft Visual Studio Solution File, Format Version 12.00
# Visual Studio Version 16
VisualStudioVersion = 16.0.31624.102
MinimumVisualStudioVersion = 10.0.40219.1
Project("{FAE04EC0-301F-11D3-BF4B-00C04F79EFBC}") = "FlightService.Web", "FlightService\FlightService.Web.csproj", "{CF0D2BDE-BA4D-4AE5-AE91-7A4D99671BC8}"
EndProject
Project("{FAE04EC0-301F-11D3-BF4B-00C04F79EFBC}") = "FlightService.Data", "FlightService.Data\FlightService.Data.csproj", "{B3D09F40-3944-4C5C-B516-197DBD20B6F9}"
EndProject
Global
	GlobalSection(SolutionConfigurationPlatforms) = preSolution
		Debug|Any CPU = Debug|Any CPU
		Release|Any CPU = Release|Any CPU
	EndGlobalSection
	GlobalSection(ProjectConfigurationPlatforms) = postSolution
		{CF0D2BDE-BA4D-4AE5-AE91-7A4D99671BC8}.Debug|Any CPU.ActiveCfg = Debug|Any CPU
		{CF0D2BDE-BA4D-4AE5-AE91-7A4D99671BC8}.Debug|Any CPU.Build.0 = Debug|Any CPU
		{CF0D2BDE-BA4D-4AE5-AE91-7A4D99671BC8}.Release|Any CPU.ActiveCfg = Release|Any CPU
		{CF0D2BDE-BA4D-4AE5-AE91-7A4D99671BC8}.Release|Any CPU.Build.0 = Release|Any CPU
		{B3D09F40-3944-4C5C-B516-197DBD20B6F9}.Debug|Any CPU.ActiveCfg = Debug|Any CPU
		{B3D09F40-3944-4C5C-B516-197DBD20B6F9}.Debug|Any CPU.Build.0 = Debug|Any CPU
		{B3D09F40-3944-4C5C-B516-197DBD20B6F9}.Release|Any CPU.ActiveCfg = Release|Any CPU
		{B3D09F40-3944-4C5C-B516-197DBD20B6F9}.Release|Any CPU.Build.0 = Release|Any CPU
	EndGlobalSection
	GlobalSection(SolutionProperties) = preSolution
		HideSolutionNode = FALSE
	EndGlobalSection
	GlobalSection(ExtensibilityGlobals) = postSolution
		SolutionGuid = {65FD18D8-A17C-4C58-B426-7659D727558C}
	EndGlobalSection
EndGlobal
